// !$*UTF8*$!
{
	archiveVersion = 1;
	classes = {
	};
	objectVersion = 46;
	objects = {

/* Begin PBXBuildFile section */
		A77666D91DAE0F47004BD47D /* main.m in Sources */ = {isa = PBXBuildFile; fileRef = A77666D81DAE0F47004BD47D /* main.m */; };
		A77666DC1DAE0F47004BD47D /* AppDelegate.m in Sources */ = {isa = PBXBuildFile; fileRef = A77666DB1DAE0F47004BD47D /* AppDelegate.m */; };
		A77666DF1DAE0F47004BD47D /* ViewController.m in Sources */ = {isa = PBXBuildFile; fileRef = A77666DE1DAE0F47004BD47D /* ViewController.m */; };
		A77666E21DAE0F47004BD47D /* Main.storyboard in Resources */ = {isa = PBXBuildFile; fileRef = A77666E01DAE0F47004BD47D /* Main.storyboard */; };
		A77666E51DAE0F47004BD47D /* _____.xcdatamodeld in Sources */ = {isa = PBXBuildFile; fileRef = A77666E31DAE0F47004BD47D /* _____.xcdatamodeld */; };
		A77666E71DAE0F47004BD47D /* Assets.xcassets in Resources */ = {isa = PBXBuildFile; fileRef = A77666E61DAE0F47004BD47D /* Assets.xcassets */; };
		A77666EA1DAE0F47004BD47D /* LaunchScreen.storyboard in Resources */ = {isa = PBXBuildFile; fileRef = A77666E81DAE0F47004BD47D /* LaunchScreen.storyboard */; };
		A77666F51DAE0F47004BD47D /* _____Tests.m in Sources */ = {isa = PBXBuildFile; fileRef = A77666F41DAE0F47004BD47D /* _____Tests.m */; };
		A77667001DAE0F47004BD47D /* _____UITests.m in Sources */ = {isa = PBXBuildFile; fileRef = A77666FF1DAE0F47004BD47D /* _____UITests.m */; };
/* End PBXBuildFile section */

/* Begin PBXContainerItemProxy section */
		A77666F11DAE0F47004BD47D /* PBXContainerItemProxy */ = {
			isa = PBXContainerItemProxy;
			containerPortal = A77666CC1DAE0F47004BD47D /* Project object */;
			proxyType = 1;
			remoteGlobalIDString = A77666D31DAE0F47004BD47D;
			remoteInfo = "圆形进度轮";
		};
		A77666FC1DAE0F47004BD47D /* PBXContainerItemProxy */ = {
			isa = PBXContainerItemProxy;
			containerPortal = A77666CC1DAE0F47004BD47D /* Project object */;
			proxyType = 1;
			remoteGlobalIDString = A77666D31DAE0F47004BD47D;
			remoteInfo = "圆形进度轮";
		};
/* End PBXContainerItemProxy section */

/* Begin PBXFileReference section */
		A77666D41DAE0F47004BD47D /* 圆形进度轮.app */ = {isa = PBXFileReference; explicitFileType = wrapper.application; includeInIndex = 0; path = "圆形进度轮.app"; sourceTree = BUILT_PRODUCTS_DIR; };
		A77666D81DAE0F47004BD47D /* main.m */ = {isa = PBXFileReference; lastKnownFileType = sourcecode.c.objc; path = main.m; sourceTree = "<group>"; };
		A77666DA1DAE0F47004BD47D /* AppDelegate.h */ = {isa = PBXFileReference; lastKnownFileType = sourcecode.c.h; path = AppDelegate.h; sourceTree = "<group>"; };
		A77666DB1DAE0F47004BD47D /* AppDelegate.m */ = {isa = PBXFileReference; lastKnownFileType = sourcecode.c.objc; path = AppDelegate.m; sourceTree = "<group>"; };
		A77666DD1DAE0F47004BD47D /* ViewController.h */ = {isa = PBXFileReference; lastKnownFileType = sourcecode.c.h; path = ViewController.h; sourceTree = "<group>"; };
		A77666DE1DAE0F47004BD47D /* ViewController.m */ = {isa = PBXFileReference; lastKnownFileType = sourcecode.c.objc; path = ViewController.m; sourceTree = "<group>"; };
		A77666E11DAE0F47004BD47D /* Base */ = {isa = PBXFileReference; lastKnownFileType = file.storyboard; name = Base; path = Base.lproj/Main.storyboard; sourceTree = "<group>"; };
		A77666E41DAE0F47004BD47D /* _____.xcdatamodel */ = {isa = PBXFileReference; lastKnownFileType = wrapper.xcdatamodel; path = "_____.xcdatamodel"; sourceTree = "<group>"; };
		A77666E61DAE0F47004BD47D /* Assets.xcassets */ = {isa = PBXFileReference; lastKnownFileType = folder.assetcatalog; path = Assets.xcassets; sourceTree = "<group>"; };
		A77666E91DAE0F47004BD47D /* Base */ = {isa = PBXFileReference; lastKnownFileType = file.storyboard; name = Base; path = Base.lproj/LaunchScreen.storyboard; sourceTree = "<group>"; };
		A77666EB1DAE0F47004BD47D /* Info.plist */ = {isa = PBXFileReference; lastKnownFileType = text.plist.xml; path = Info.plist; sourceTree = "<group>"; };
		A77666F01DAE0F47004BD47D /* 圆形进度轮Tests.xctest */ = {isa = PBXFileReference; explicitFileType = wrapper.cfbundle; includeInIndex = 0; path = "圆形进度轮Tests.xctest"; sourceTree = BUILT_PRODUCTS_DIR; };
		A77666F41DAE0F47004BD47D /* _____Tests.m */ = {isa = PBXFileReference; lastKnownFileType = sourcecode.c.objc; path = "_____Tests.m"; sourceTree = "<group>"; };
		A77666F61DAE0F47004BD47D /* Info.plist */ = {isa = PBXFileReference; lastKnownFileType = text.plist.xml; path = Info.plist; sourceTree = "<group>"; };
		A77666FB1DAE0F47004BD47D /* 圆形进度轮UITests.xctest */ = {isa = PBXFileReference; explicitFileType = wrapper.cfbundle; includeInIndex = 0; path = "圆形进度轮UITests.xctest"; sourceTree = BUILT_PRODUCTS_DIR; };
		A77666FF1DAE0F47004BD47D /* _____UITests.m */ = {isa = PBXFileReference; lastKnownFileType = sourcecode.c.objc; path = "_____UITests.m"; sourceTree = "<group>"; };
		A77667011DAE0F47004BD47D /* Info.plist */ = {isa = PBXFileReference; lastKnownFileType = text.plist.xml; path = Info.plist; sourceTree = "<group>"; };
/* End PBXFileReference section */

/* Begin PBXFrameworksBuildPhase section */
		A77666D11DAE0F47004BD47D /* Frameworks */ = {
			isa = PBXFrameworksBuildPhase;
			buildActionMask = 2147483647;
			files = (
			);
			runOnlyForDeploymentPostprocessing = 0;
		};
		A77666ED1DAE0F47004BD47D /* Frameworks */ = {
			isa = PBXFrameworksBuildPhase;
			buildActionMask = 2147483647;
			files = (
			);
			runOnlyForDeploymentPostprocessing = 0;
		};
		A77666F81DAE0F47004BD47D /* Frameworks */ = {
			isa = PBXFrameworksBuildPhase;
			buildActionMask = 2147483647;
			files = (
			);
			runOnlyForDeploymentPostprocessing = 0;
		};
/* End PBXFrameworksBuildPhase section */

/* Begin PBXGroup section */
		A77666CB1DAE0F47004BD47D = {
			isa = PBXGroup;
			children = (
				A77666D61DAE0F47004BD47D /* 圆形进度轮 */,
				A77666F31DAE0F47004BD47D /* 圆形进度轮Tests */,
				A77666FE1DAE0F47004BD47D /* 圆形进度轮UITests */,
				A77666D51DAE0F47004BD47D /* Products */,
			);
			sourceTree = "<group>";
		};
		A77666D51DAE0F47004BD47D /* Products */ = {
			isa = PBXGroup;
			children = (
				A77666D41DAE0F47004BD47D /* 圆形进度轮.app */,
				A77666F01DAE0F47004BD47D /* 圆形进度轮Tests.xctest */,
				A77666FB1DAE0F47004BD47D /* 圆形进度轮UITests.xctest */,
			);
			name = Products;
			sourceTree = "<group>";
		};
		A77666D61DAE0F47004BD47D /* 圆形进度轮 */ = {
			isa = PBXGroup;
			children = (
				A77666DA1DAE0F47004BD47D /* AppDelegate.h */,
				A77666DB1DAE0F47004BD47D /* AppDelegate.m */,
				A77666DD1DAE0F47004BD47D /* ViewController.h */,
				A77666DE1DAE0F47004BD47D /* ViewController.m */,
				A77666E01DAE0F47004BD47D /* Main.storyboard */,
				A77666E61DAE0F47004BD47D /* Assets.xcassets */,
				A77666E81DAE0F47004BD47D /* LaunchScreen.storyboard */,
				A77666EB1DAE0F47004BD47D /* Info.plist */,
				A77666E31DAE0F47004BD47D /* _____.xcdatamodeld */,
				A77666D71DAE0F47004BD47D /* Supporting Files */,
			);
			path = "圆形进度轮";
			sourceTree = "<group>";
		};
		A77666D71DAE0F47004BD47D /* Supporting Files */ = {
			isa = PBXGroup;
			children = (
				A77666D81DAE0F47004BD47D /* main.m */,
			);
			name = "Supporting Files";
			sourceTree = "<group>";
		};
		A77666F31DAE0F47004BD47D /* 圆形进度轮Tests */ = {
			isa = PBXGroup;
			children = (
				A77666F41DAE0F47004BD47D /* _____Tests.m */,
				A77666F61DAE0F47004BD47D /* Info.plist */,
			);
			path = "圆形进度轮Tests";
			sourceTree = "<group>";
		};
		A77666FE1DAE0F47004BD47D /* 圆形进度轮UITests */ = {
			isa = PBXGroup;
			children = (
				A77666FF1DAE0F47004BD47D /* _____UITests.m */,
				A77667011DAE0F47004BD47D /* Info.plist */,
			);
			path = "圆形进度轮UITests";
			sourceTree = "<group>";
		};
/* End PBXGroup section */

/* Begin PBXNativeTarget section */
		A77666D31DAE0F47004BD47D /* 圆形进度轮 */ = {
			isa = PBXNativeTarget;
			buildConfigurationList = A77667041DAE0F47004BD47D /* Build configuration list for PBXNativeTarget "圆形进度轮" */;
			buildPhases = (
				A77666D01DAE0F47004BD47D /* Sources */,
				A77666D11DAE0F47004BD47D /* Frameworks */,
				A77666D21DAE0F47004BD47D /* Resources */,
			);
			buildRules = (
			);
			dependencies = (
			);
			name = "圆形进度轮";
			productName = "圆形进度轮";
			productReference = A77666D41DAE0F47004BD47D /* 圆形进度轮.app */;
			productType = "com.apple.product-type.application";
		};
		A77666EF1DAE0F47004BD47D /* 圆形进度轮Tests */ = {
			isa = PBXNativeTarget;
			buildConfigurationList = A77667071DAE0F47004BD47D /* Build configuration list for PBXNativeTarget "圆形进度轮Tests" */;
			buildPhases = (
				A77666EC1DAE0F47004BD47D /* Sources */,
				A77666ED1DAE0F47004BD47D /* Frameworks */,
				A77666EE1DAE0F47004BD47D /* Resources */,
			);
			buildRules = (
			);
			dependencies = (
				A77666F21DAE0F47004BD47D /* PBXTargetDependency */,
			);
			name = "圆形进度轮Tests";
			productName = "圆形进度轮Tests";
			productReference = A77666F01DAE0F47004BD47D /* 圆形进度轮Tests.xctest */;
			productType = "com.apple.product-type.bundle.unit-test";
		};
		A77666FA1DAE0F47004BD47D /* 圆形进度轮UITests */ = {
			isa = PBXNativeTarget;
			buildConfigurationList = A776670A1DAE0F47004BD47D /* Build configuration list for PBXNativeTarget "圆形进度轮UITests" */;
			buildPhases = (
				A77666F71DAE0F47004BD47D /* Sources */,
				A77666F81DAE0F47004BD47D /* Frameworks */,
				A77666F91DAE0F47004BD47D /* Resources */,
			);
			buildRules = (
			);
			dependencies = (
				A77666FD1DAE0F47004BD47D /* PBXTargetDependency */,
			);
			name = "圆形进度轮UITests";
			productName = "圆形进度轮UITests";
			productReference = A77666FB1DAE0F47004BD47D /* 圆形进度轮UITests.xctest */;
			productType = "com.apple.product-type.bundle.ui-testing";
		};
/* End PBXNativeTarget section */

/* Begin PBXProject section */
		A77666CC1DAE0F47004BD47D /* Project object */ = {
			isa = PBXProject;
			attributes = {
				LastUpgradeCheck = 0800;
				ORGANIZATIONNAME = yosemite;
				TargetAttributes = {
					A77666D31DAE0F47004BD47D = {
						CreatedOnToolsVersion = 8.0;
						DevelopmentTeam = JTLQTXD9SF;
						ProvisioningStyle = Automatic;
					};
					A77666EF1DAE0F47004BD47D = {
						CreatedOnToolsVersion = 8.0;
						DevelopmentTeam = JTLQTXD9SF;
						ProvisioningStyle = Automatic;
						TestTargetID = A77666D31DAE0F47004BD47D;
					};
					A77666FA1DAE0F47004BD47D = {
						CreatedOnToolsVersion = 8.0;
						DevelopmentTeam = JTLQTXD9SF;
						ProvisioningStyle = Automatic;
						TestTargetID = A77666D31DAE0F47004BD47D;
					};
				};
			};
			buildConfigurationList = A77666CF1DAE0F47004BD47D /* Build configuration list for PBXProject "圆形进度轮" */;
			compatibilityVersion = "Xcode 3.2";
			developmentRegion = English;
			hasScannedForEncodings = 0;
			knownRegions = (
				en,
				Base,
			);
			mainGroup = A77666CB1DAE0F47004BD47D;
			productRefGroup = A77666D51DAE0F47004BD47D /* Products */;
			projectDirPath = "";
			projectRoot = "";
			targets = (
				A77666D31DAE0F47004BD47D /* 圆形进度轮 */,
				A77666EF1DAE0F47004BD47D /* 圆形进度轮Tests */,
				A77666FA1DAE0F47004BD47D /* 圆形进度轮UITests */,
			);
		};
/* End PBXProject section */

/* Begin PBXResourcesBuildPhase section */
		A77666D21DAE0F47004BD47D /* Resources */ = {
			isa = PBXResourcesBuildPhase;
			buildActionMask = 2147483647;
			files = (
				A77666EA1DAE0F47004BD47D /* LaunchScreen.storyboard in Resources */,
				A77666E71DAE0F47004BD47D /* Assets.xcassets in Resources */,
				A77666E21DAE0F47004BD47D /* Main.storyboard in Resources */,
			);
			runOnlyForDeploymentPostprocessing = 0;
		};
		A77666EE1DAE0F47004BD47D /* Resources */ = {
			isa = PBXResourcesBuildPhase;
			buildActionMask = 2147483647;
			files = (
			);
			runOnlyForDeploymentPostprocessing = 0;
		};
		A77666F91DAE0F47004BD47D /* Resources */ = {
			isa = PBXResourcesBuildPhase;
			buildActionMask = 2147483647;
			files = (
			);
			runOnlyForDeploymentPostprocessing = 0;
		};
/* End PBXResourcesBuildPhase section */

/* Begin PBXSourcesBuildPhase section */
		A77666D01DAE0F47004BD47D /* Sources */ = {
			isa = PBXSourcesBuildPhase;
			buildActionMask = 2147483647;
			files = (
				A77666DF1DAE0F47004BD47D /* ViewController.m in Sources */,
				A77666E51DAE0F47004BD47D /* _____.xcdatamodeld in Sources */,
				A77666DC1DAE0F47004BD47D /* AppDelegate.m in Sources */,
				A77666D91DAE0F47004BD47D /* main.m in Sources */,
			);
			runOnlyForDeploymentPostprocessing = 0;
		};
		A77666EC1DAE0F47004BD47D /* Sources */ = {
			isa = PBXSourcesBuildPhase;
			buildActionMask = 2147483647;
			files = (
				A77666F51DAE0F47004BD47D /* _____Tests.m in Sources */,
			);
			runOnlyForDeploymentPostprocessing = 0;
		};
		A77666F71DAE0F47004BD47D /* Sources */ = {
			isa = PBXSourcesBuildPhase;
			buildActionMask = 2147483647;
			files = (
				A77667001DAE0F47004BD47D /* _____UITests.m in Sources */,
			);
			runOnlyForDeploymentPostprocessing = 0;
		};
/* End PBXSourcesBuildPhase section */

/* Begin PBXTargetDependency section */
		A77666F21DAE0F47004BD47D /* PBXTargetDependency */ = {
			isa = PBXTargetDependency;
			target = A77666D31DAE0F47004BD47D /* 圆形进度轮 */;
			targetProxy = A77666F11DAE0F47004BD47D /* PBXContainerItemProxy */;
		};
		A77666FD1DAE0F47004BD47D /* PBXTargetDependency */ = {
			isa = PBXTargetDependency;
			target = A77666D31DAE0F47004BD47D /* 圆形进度轮 */;
			targetProxy = A77666FC1DAE0F47004BD47D /* PBXContainerItemProxy */;
		};
/* End PBXTargetDependency section */

/* Begin PBXVariantGroup section */
		A77666E01DAE0F47004BD47D /* Main.storyboard */ = {
			isa = PBXVariantGroup;
			children = (
				A77666E11DAE0F47004BD47D /* Base */,
			);
			name = Main.storyboard;
			sourceTree = "<group>";
		};
		A77666E81DAE0F47004BD47D /* LaunchScreen.storyboard */ = {
			isa = PBXVariantGroup;
			children = (
				A77666E91DAE0F47004BD47D /* Base */,
			);
			name = LaunchScreen.storyboard;
			sourceTree = "<group>";
		};
/* End PBXVariantGroup section */

/* Begin XCBuildConfiguration section */
		A77667021DAE0F47004BD47D /* Debug */ = {
			isa = XCBuildConfiguration;
			buildSettings = {
				ALWAYS_SEARCH_USER_PATHS = NO;
				CLANG_ANALYZER_NONNULL = YES;
				CLANG_CXX_LANGUAGE_STANDARD = "gnu++0x";
				CLANG_CXX_LIBRARY = "libc++";
				CLANG_ENABLE_MODULES = YES;
				CLANG_ENABLE_OBJC_ARC = YES;
				CLANG_WARN_BOOL_CONVERSION = YES;
				CLANG_WARN_CONSTANT_CONVERSION = YES;
				CLANG_WARN_DIRECT_OBJC_ISA_USAGE = YES_ERROR;
				CLANG_WARN_DOCUMENTATION_COMMENTS = YES;
				CLANG_WARN_EMPTY_BODY = YES;
				CLANG_WARN_ENUM_CONVERSION = YES;
				CLANG_WARN_INFINITE_RECURSION = YES;
				CLANG_WARN_INT_CONVERSION = YES;
				CLANG_WARN_OBJC_ROOT_CLASS = YES_ERROR;
				CLANG_WARN_SUSPICIOUS_MOVES = YES;
				CLANG_WARN_UNREACHABLE_CODE = YES;
				CLANG_WARN__DUPLICATE_METHOD_MATCH = YES;
				"CODE_SIGN_IDENTITY[sdk=iphoneos*]" = "iPhone Developer";
				COPY_PHASE_STRIP = NO;
				DEBUG_INFORMATION_FORMAT = dwarf;
				ENABLE_STRICT_OBJC_MSGSEND = YES;
				ENABLE_TESTABILITY = YES;
				GCC_C_LANGUAGE_STANDARD = gnu99;
				GCC_DYNAMIC_NO_PIC = NO;
				GCC_NO_COMMON_BLOCKS = YES;
				GCC_OPTIMIZATION_LEVEL = 0;
				GCC_PREPROCESSOR_DEFINITIONS = (
					"DEBUG=1",
					"$(inherited)",
				);
				GCC_WARN_64_TO_32_BIT_CONVERSION = YES;
				GCC_WARN_ABOUT_RETURN_TYPE = YES_ERROR;
				GCC_WARN_UNDECLARED_SELECTOR = YES;
				GCC_WARN_UNINITIALIZED_AUTOS = YES_AGGRESSIVE;
				GCC_WARN_UNUSED_FUNCTION = YES;
				GCC_WARN_UNUSED_VARIABLE = YES;
				IPHONEOS_DEPLOYMENT_TARGET = 10.0;
				MTL_ENABLE_DEBUG_INFO = YES;
				ONLY_ACTIVE_ARCH = YES;
				SDKROOT = iphoneos;
				TARGETED_DEVICE_FAMILY = "1,2";
			};
			name = Debug;
		};
		A77667031DAE0F47004BD47D /* Release */ = {
			isa = XCBuildConfiguration;
			buildSettings = {
				ALWAYS_SEARCH_USER_PATHS = NO;
				CLANG_ANALYZER_NONNULL = YES;
				CLANG_CXX_LANGUAGE_STANDARD = "gnu++0x";
				CLANG_CXX_LIBRARY = "libc++";
				CLANG_ENABLE_MODULES = YES;
				CLANG_ENABLE_OBJC_ARC = YES;
				CLANG_WARN_BOOL_CONVERSION = YES;
				CLANG_WARN_CONSTANT_CONVERSION = YES;
				CLANG_WARN_DIRECT_OBJC_ISA_USAGE = YES_ERROR;
				CLANG_WARN_DOCUMENTATION_COMMENTS = YES;
				CLANG_WARN_EMPTY_BODY = YES;
				CLANG_WARN_ENUM_CONVERSION = YES;
				CLANG_WARN_INFINITE_RECURSION = YES;
				CLANG_WARN_INT_CONVERSION = YES;
				CLANG_WARN_OBJC_ROOT_CLASS = YES_ERROR;
				CLANG_WARN_SUSPICIOUS_MOVES = YES;
				CLANG_WARN_UNREACHABLE_CODE = YES;
				CLANG_WARN__DUPLICATE_METHOD_MATCH = YES;
				"CODE_SIGN_IDENTITY[sdk=iphoneos*]" = "iPhone Developer";
				COPY_PHASE_STRIP = NO;
				DEBUG_INFORMATION_FORMAT = "dwarf-with-dsym";
				ENABLE_NS_ASSERTIONS = NO;
				ENABLE_STRICT_OBJC_MSGSEND = YES;
				GCC_C_LANGUAGE_STANDARD = gnu99;
				GCC_NO_COMMON_BLOCKS = YES;
				GCC_WARN_64_TO_32_BIT_CONVERSION = YES;
				GCC_WARN_ABOUT_RETURN_TYPE = YES_ERROR;
				GCC_WARN_UNDECLARED_SELECTOR = YES;
				GCC_WARN_UNINITIALIZED_AUTOS = YES_AGGRESSIVE;
				GCC_WARN_UNUSED_FUNCTION = YES;
				GCC_WARN_UNUSED_VARIABLE = YES;
				IPHONEOS_DEPLOYMENT_TARGET = 10.0;
				MTL_ENABLE_DEBUG_INFO = NO;
				SDKROOT = iphoneos;
				TARGETED_DEVICE_FAMILY = "1,2";
				VALIDATE_PRODUCT = YES;
			};
			name = Release;
		};
		A77667051DAE0F47004BD47D /* Debug */ = {
			isa = XCBuildConfiguration;
			buildSettings = {
				ASSETCATALOG_COMPILER_APPICON_NAME = AppIcon;
				DEVELOPMENT_TEAM = JTLQTXD9SF;
				INFOPLIST_FILE = "圆形进度轮/Info.plist";
				LD_RUNPATH_SEARCH_PATHS = "$(inherited) @executable_path/Frameworks";
				PRODUCT_BUNDLE_IDENTIFIER = "inentifier.organization.-----";
				PRODUCT_NAME = "$(TARGET_NAME)";
			};
			name = Debug;
		};
		A77667061DAE0F47004BD47D /* Release */ = {
			isa = XCBuildConfiguration;
			buildSettings = {
				ASSETCATALOG_COMPILER_APPICON_NAME = AppIcon;
				DEVELOPMENT_TEAM = JTLQTXD9SF;
				INFOPLIST_FILE = "圆形进度轮/Info.plist";
				LD_RUNPATH_SEARCH_PATHS = "$(inherited) @executable_path/Frameworks";
				PRODUCT_BUNDLE_IDENTIFIER = "inentifier.organization.-----";
				PRODUCT_NAME = "$(TARGET_NAME)";
			};
			name = Release;
		};
		A77667081DAE0F47004BD47D /* Debug */ = {
			isa = XCBuildConfiguration;
			buildSettings = {
				BUNDLE_LOADER = "$(TEST_HOST)";
				DEVELOPMENT_TEAM = JTLQTXD9SF;
				INFOPLIST_FILE = "圆形进度轮Tests/Info.plist";
				LD_RUNPATH_SEARCH_PATHS = "$(inherited) @executable_path/Frameworks @loader_path/Frameworks";
				PRODUCT_BUNDLE_IDENTIFIER = "inentifier.organization.-----Tests";
				PRODUCT_NAME = "$(TARGET_NAME)";
				TEST_HOST = "$(BUILT_PRODUCTS_DIR)/圆形进度轮.app/圆形进度轮";
			};
			name = Debug;
		};
		A77667091DAE0F47004BD47D /* Release */ = {
			isa = XCBuildConfiguration;
			buildSettings = {
				BUNDLE_LOADER = "$(TEST_HOST)";
				DEVELOPMENT_TEAM = JTLQTXD9SF;
				INFOPLIST_FILE = "圆形进度轮Tests/Info.plist";
				LD_RUNPATH_SEARCH_PATHS = "$(inherited) @executable_path/Frameworks @loader_path/Frameworks";
				PRODUCT_BUNDLE_IDENTIFIER = "inentifier.organization.-----Tests";
				PRODUCT_NAME = "$(TARGET_NAME)";
				TEST_HOST = "$(BUILT_PRODUCTS_DIR)/圆形进度轮.app/圆形进度轮";
			};
			name = Release;
		};
		A776670B1DAE0F47004BD47D /* Debug */ = {
			isa = XCBuildConfiguration;
			buildSettings = {
				DEVELOPMENT_TEAM = JTLQTXD9SF;
				INFOPLIST_FILE = "圆形进度轮UITests/Info.plist";
				LD_RUNPATH_SEARCH_PATHS = "$(inherited) @executable_path/Frameworks @loader_path/Frameworks";
				PRODUCT_BUNDLE_IDENTIFIER = "inentifier.organization.-----UITests";
				PRODUCT_NAME = "$(TARGET_NAME)";
				TEST_TARGET_NAME = "圆形进度轮";
			};
			name = Debug;
		};
		A776670C1DAE0F47004BD47D /* Release */ = {
			isa = XCBuildConfiguration;
			buildSettings = {
				DEVELOPMENT_TEAM = JTLQTXD9SF;
				INFOPLIST_FILE = "圆形进度轮UITests/Info.plist";
				LD_RUNPATH_SEARCH_PATHS = "$(inherited) @executable_path/Frameworks @loader_path/Frameworks";
				PRODUCT_BUNDLE_IDENTIFIER = "inentifier.organization.-----UITests";
				PRODUCT_NAME = "$(TARGET_NAME)";
				TEST_TARGET_NAME = "圆形进度轮";
			};
			name = Release;
		};
/* End XCBuildConfiguration section */

/* Begin XCConfigurationList section */
		A77666CF1DAE0F47004BD47D /* Build configuration list for PBXProject "圆形进度轮" */ = {
			isa = XCConfigurationList;
			buildConfigurations = (
				A77667021DAE0F47004BD47D /* Debug */,
				A77667031DAE0F47004BD47D /* Release */,
			);
			defaultConfigurationIsVisible = 0;
			defaultConfigurationName = Release;
		};
		A77667041DAE0F47004BD47D /* Build configuration list for PBXNativeTarget "圆形进度轮" */ = {
			isa = XCConfigurationList;
			buildConfigurations = (
				A77667051DAE0F47004BD47D /* Debug */,
				A77667061DAE0F47004BD47D /* Release */,
			);
			defaultConfigurationIsVisible = 0;
		};
		A77667071DAE0F47004BD47D /* Build configuration list for PBXNativeTarget "圆形进度轮Tests" */ = {
			isa = XCConfigurationList;
			buildConfigurations = (
				A77667081DAE0F47004BD47D /* Debug */,
				A77667091DAE0F47004BD47D /* Release */,
			);
			defaultConfigurationIsVisible = 0;
		};
		A776670A1DAE0F47004BD47D /* Build configuration list for PBXNativeTarget "圆形进度轮UITests" */ = {
			isa = XCConfigurationList;
			buildConfigurations = (
				A776670B1DAE0F47004BD47D /* Debug */,
				A776670C1DAE0F47004BD47D /* Release */,
			);
			defaultConfigurationIsVisible = 0;
		};
/* End XCConfigurationList section */

/* Begin XCVersionGroup section */
		A77666E31DAE0F47004BD47D /* _____.xcdatamodeld */ = {
			isa = XCVersionGroup;
			children = (
				A77666E41DAE0F47004BD47D /* _____.xcdatamodel */,
			);
			currentVersion = A77666E41DAE0F47004BD47D /* _____.xcdatamodel */;
			path = "_____.xcdatamodeld";
			sourceTree = "<group>";
			versionGroupType = wrapper.xcdatamodel;
		};
/* End XCVersionGroup section */
	};
	rootObject = A77666CC1DAE0F47004BD47D /* Project object */;
}
