// !$*UTF8*$!
{
	archiveVersion = 1;
	classes = {
	};
	objectVersion = 46;
	objects = {

/* Begin PBXBuildFile section */
		A7A400A41D9CAE5D004D9E93 /* main.m in Sources */ = {isa = PBXBuildFile; fileRef = A7A400A31D9CAE5D004D9E93 /* main.m */; };
		A7A400A71D9CAE5D004D9E93 /* AppDelegate.m in Sources */ = {isa = PBXBuildFile; fileRef = A7A400A61D9CAE5D004D9E93 /* AppDelegate.m */; };
		A7A400AA1D9CAE5D004D9E93 /* ViewController.m in Sources */ = {isa = PBXBuildFile; fileRef = A7A400A91D9CAE5D004D9E93 /* ViewController.m */; };
		A7A400AD1D9CAE5D004D9E93 /* Main.storyboard in Resources */ = {isa = PBXBuildFile; fileRef = A7A400AB1D9CAE5D004D9E93 /* Main.storyboard */; };
		A7A400B01D9CAE5D004D9E93 /* initialize_init___.xcdatamodeld in Sources */ = {isa = PBXBuildFile; fileRef = A7A400AE1D9CAE5D004D9E93 /* initialize_init___.xcdatamodeld */; };
		A7A400B21D9CAE5D004D9E93 /* Assets.xcassets in Resources */ = {isa = PBXBuildFile; fileRef = A7A400B11D9CAE5D004D9E93 /* Assets.xcassets */; };
		A7A400B51D9CAE5D004D9E93 /* LaunchScreen.storyboard in Resources */ = {isa = PBXBuildFile; fileRef = A7A400B31D9CAE5D004D9E93 /* LaunchScreen.storyboard */; };
		A7A400C01D9CAE5D004D9E93 /* initialize_init___Tests.m in Sources */ = {isa = PBXBuildFile; fileRef = A7A400BF1D9CAE5D004D9E93 /* initialize_init___Tests.m */; };
		A7A400CB1D9CAE5D004D9E93 /* initialize_init___UITests.m in Sources */ = {isa = PBXBuildFile; fileRef = A7A400CA1D9CAE5D004D9E93 /* initialize_init___UITests.m */; };
		A7A400DA1D9CAE88004D9E93 /* Father.m in Sources */ = {isa = PBXBuildFile; fileRef = A7A400D91D9CAE88004D9E93 /* Father.m */; };
		A7A400DD1D9CAFD6004D9E93 /* Son.m in Sources */ = {isa = PBXBuildFile; fileRef = A7A400DC1D9CAFD6004D9E93 /* Son.m */; };
/* End PBXBuildFile section */

/* Begin PBXContainerItemProxy section */
		A7A400BC1D9CAE5D004D9E93 /* PBXContainerItemProxy */ = {
			isa = PBXContainerItemProxy;
			containerPortal = A7A400971D9CAE5D004D9E93 /* Project object */;
			proxyType = 1;
			remoteGlobalIDString = A7A4009E1D9CAE5D004D9E93;
			remoteInfo = "initialize和init的区别";
		};
		A7A400C71D9CAE5D004D9E93 /* PBXContainerItemProxy */ = {
			isa = PBXContainerItemProxy;
			containerPortal = A7A400971D9CAE5D004D9E93 /* Project object */;
			proxyType = 1;
			remoteGlobalIDString = A7A4009E1D9CAE5D004D9E93;
			remoteInfo = "initialize和init的区别";
		};
/* End PBXContainerItemProxy section */

/* Begin PBXFileReference section */
		A7A4009F1D9CAE5D004D9E93 /* initialize和init的区别.app */ = {isa = PBXFileReference; explicitFileType = wrapper.application; includeInIndex = 0; path = "initialize和init的区别.app"; sourceTree = BUILT_PRODUCTS_DIR; };
		A7A400A31D9CAE5D004D9E93 /* main.m */ = {isa = PBXFileReference; lastKnownFileType = sourcecode.c.objc; path = main.m; sourceTree = "<group>"; };
		A7A400A51D9CAE5D004D9E93 /* AppDelegate.h */ = {isa = PBXFileReference; lastKnownFileType = sourcecode.c.h; path = AppDelegate.h; sourceTree = "<group>"; };
		A7A400A61D9CAE5D004D9E93 /* AppDelegate.m */ = {isa = PBXFileReference; lastKnownFileType = sourcecode.c.objc; path = AppDelegate.m; sourceTree = "<group>"; };
		A7A400A81D9CAE5D004D9E93 /* ViewController.h */ = {isa = PBXFileReference; lastKnownFileType = sourcecode.c.h; path = ViewController.h; sourceTree = "<group>"; };
		A7A400A91D9CAE5D004D9E93 /* ViewController.m */ = {isa = PBXFileReference; lastKnownFileType = sourcecode.c.objc; path = ViewController.m; sourceTree = "<group>"; };
		A7A400AC1D9CAE5D004D9E93 /* Base */ = {isa = PBXFileReference; lastKnownFileType = file.storyboard; name = Base; path = Base.lproj/Main.storyboard; sourceTree = "<group>"; };
		A7A400AF1D9CAE5D004D9E93 /* initialize_init___.xcdatamodel */ = {isa = PBXFileReference; lastKnownFileType = wrapper.xcdatamodel; path = "initialize_init___.xcdatamodel"; sourceTree = "<group>"; };
		A7A400B11D9CAE5D004D9E93 /* Assets.xcassets */ = {isa = PBXFileReference; lastKnownFileType = folder.assetcatalog; path = Assets.xcassets; sourceTree = "<group>"; };
		A7A400B41D9CAE5D004D9E93 /* Base */ = {isa = PBXFileReference; lastKnownFileType = file.storyboard; name = Base; path = Base.lproj/LaunchScreen.storyboard; sourceTree = "<group>"; };
		A7A400B61D9CAE5D004D9E93 /* Info.plist */ = {isa = PBXFileReference; lastKnownFileType = text.plist.xml; path = Info.plist; sourceTree = "<group>"; };
		A7A400BB1D9CAE5D004D9E93 /* initialize和init的区别Tests.xctest */ = {isa = PBXFileReference; explicitFileType = wrapper.cfbundle; includeInIndex = 0; path = "initialize和init的区别Tests.xctest"; sourceTree = BUILT_PRODUCTS_DIR; };
		A7A400BF1D9CAE5D004D9E93 /* initialize_init___Tests.m */ = {isa = PBXFileReference; lastKnownFileType = sourcecode.c.objc; path = "initialize_init___Tests.m"; sourceTree = "<group>"; };
		A7A400C11D9CAE5D004D9E93 /* Info.plist */ = {isa = PBXFileReference; lastKnownFileType = text.plist.xml; path = Info.plist; sourceTree = "<group>"; };
		A7A400C61D9CAE5D004D9E93 /* initialize和init的区别UITests.xctest */ = {isa = PBXFileReference; explicitFileType = wrapper.cfbundle; includeInIndex = 0; path = "initialize和init的区别UITests.xctest"; sourceTree = BUILT_PRODUCTS_DIR; };
		A7A400CA1D9CAE5D004D9E93 /* initialize_init___UITests.m */ = {isa = PBXFileReference; lastKnownFileType = sourcecode.c.objc; path = "initialize_init___UITests.m"; sourceTree = "<group>"; };
		A7A400CC1D9CAE5D004D9E93 /* Info.plist */ = {isa = PBXFileReference; lastKnownFileType = text.plist.xml; path = Info.plist; sourceTree = "<group>"; };
		A7A400D81D9CAE88004D9E93 /* Father.h */ = {isa = PBXFileReference; fileEncoding = 4; lastKnownFileType = sourcecode.c.h; path = Father.h; sourceTree = "<group>"; };
		A7A400D91D9CAE88004D9E93 /* Father.m */ = {isa = PBXFileReference; fileEncoding = 4; lastKnownFileType = sourcecode.c.objc; path = Father.m; sourceTree = "<group>"; };
		A7A400DB1D9CAFD6004D9E93 /* Son.h */ = {isa = PBXFileReference; fileEncoding = 4; lastKnownFileType = sourcecode.c.h; path = Son.h; sourceTree = "<group>"; };
		A7A400DC1D9CAFD6004D9E93 /* Son.m */ = {isa = PBXFileReference; fileEncoding = 4; lastKnownFileType = sourcecode.c.objc; path = Son.m; sourceTree = "<group>"; };
/* End PBXFileReference section */

/* Begin PBXFrameworksBuildPhase section */
		A7A4009C1D9CAE5D004D9E93 /* Frameworks */ = {
			isa = PBXFrameworksBuildPhase;
			buildActionMask = 2147483647;
			files = (
			);
			runOnlyForDeploymentPostprocessing = 0;
		};
		A7A400B81D9CAE5D004D9E93 /* Frameworks */ = {
			isa = PBXFrameworksBuildPhase;
			buildActionMask = 2147483647;
			files = (
			);
			runOnlyForDeploymentPostprocessing = 0;
		};
		A7A400C31D9CAE5D004D9E93 /* Frameworks */ = {
			isa = PBXFrameworksBuildPhase;
			buildActionMask = 2147483647;
			files = (
			);
			runOnlyForDeploymentPostprocessing = 0;
		};
/* End PBXFrameworksBuildPhase section */

/* Begin PBXGroup section */
		A7A400961D9CAE5D004D9E93 = {
			isa = PBXGroup;
			children = (
				A7A400A11D9CAE5D004D9E93 /* initialize和init的区别 */,
				A7A400BE1D9CAE5D004D9E93 /* initialize和init的区别Tests */,
				A7A400C91D9CAE5D004D9E93 /* initialize和init的区别UITests */,
				A7A400A01D9CAE5D004D9E93 /* Products */,
			);
			sourceTree = "<group>";
		};
		A7A400A01D9CAE5D004D9E93 /* Products */ = {
			isa = PBXGroup;
			children = (
				A7A4009F1D9CAE5D004D9E93 /* initialize和init的区别.app */,
				A7A400BB1D9CAE5D004D9E93 /* initialize和init的区别Tests.xctest */,
				A7A400C61D9CAE5D004D9E93 /* initialize和init的区别UITests.xctest */,
			);
			name = Products;
			sourceTree = "<group>";
		};
		A7A400A11D9CAE5D004D9E93 /* initialize和init的区别 */ = {
			isa = PBXGroup;
			children = (
				A7A400A51D9CAE5D004D9E93 /* AppDelegate.h */,
				A7A400A61D9CAE5D004D9E93 /* AppDelegate.m */,
				A7A400A81D9CAE5D004D9E93 /* ViewController.h */,
				A7A400A91D9CAE5D004D9E93 /* ViewController.m */,
				A7A400DB1D9CAFD6004D9E93 /* Son.h */,
				A7A400DC1D9CAFD6004D9E93 /* Son.m */,
				A7A400D81D9CAE88004D9E93 /* Father.h */,
				A7A400D91D9CAE88004D9E93 /* Father.m */,
				A7A400AB1D9CAE5D004D9E93 /* Main.storyboard */,
				A7A400B11D9CAE5D004D9E93 /* Assets.xcassets */,
				A7A400B31D9CAE5D004D9E93 /* LaunchScreen.storyboard */,
				A7A400B61D9CAE5D004D9E93 /* Info.plist */,
				A7A400AE1D9CAE5D004D9E93 /* initialize_init___.xcdatamodeld */,
				A7A400A21D9CAE5D004D9E93 /* Supporting Files */,
			);
			path = "initialize和init的区别";
			sourceTree = "<group>";
		};
		A7A400A21D9CAE5D004D9E93 /* Supporting Files */ = {
			isa = PBXGroup;
			children = (
				A7A400A31D9CAE5D004D9E93 /* main.m */,
			);
			name = "Supporting Files";
			sourceTree = "<group>";
		};
		A7A400BE1D9CAE5D004D9E93 /* initialize和init的区别Tests */ = {
			isa = PBXGroup;
			children = (
				A7A400BF1D9CAE5D004D9E93 /* initialize_init___Tests.m */,
				A7A400C11D9CAE5D004D9E93 /* Info.plist */,
			);
			path = "initialize和init的区别Tests";
			sourceTree = "<group>";
		};
		A7A400C91D9CAE5D004D9E93 /* initialize和init的区别UITests */ = {
			isa = PBXGroup;
			children = (
				A7A400CA1D9CAE5D004D9E93 /* initialize_init___UITests.m */,
				A7A400CC1D9CAE5D004D9E93 /* Info.plist */,
			);
			path = "initialize和init的区别UITests";
			sourceTree = "<group>";
		};
/* End PBXGroup section */

/* Begin PBXNativeTarget section */
		A7A4009E1D9CAE5D004D9E93 /* initialize和init的区别 */ = {
			isa = PBXNativeTarget;
			buildConfigurationList = A7A400CF1D9CAE5D004D9E93 /* Build configuration list for PBXNativeTarget "initialize和init的区别" */;
			buildPhases = (
				A7A4009B1D9CAE5D004D9E93 /* Sources */,
				A7A4009C1D9CAE5D004D9E93 /* Frameworks */,
				A7A4009D1D9CAE5D004D9E93 /* Resources */,
			);
			buildRules = (
			);
			dependencies = (
			);
			name = "initialize和init的区别";
			productName = "initialize和init的区别";
			productReference = A7A4009F1D9CAE5D004D9E93 /* initialize和init的区别.app */;
			productType = "com.apple.product-type.application";
		};
		A7A400BA1D9CAE5D004D9E93 /* initialize和init的区别Tests */ = {
			isa = PBXNativeTarget;
			buildConfigurationList = A7A400D21D9CAE5D004D9E93 /* Build configuration list for PBXNativeTarget "initialize和init的区别Tests" */;
			buildPhases = (
				A7A400B71D9CAE5D004D9E93 /* Sources */,
				A7A400B81D9CAE5D004D9E93 /* Frameworks */,
				A7A400B91D9CAE5D004D9E93 /* Resources */,
			);
			buildRules = (
			);
			dependencies = (
				A7A400BD1D9CAE5D004D9E93 /* PBXTargetDependency */,
			);
			name = "initialize和init的区别Tests";
			productName = "initialize和init的区别Tests";
			productReference = A7A400BB1D9CAE5D004D9E93 /* initialize和init的区别Tests.xctest */;
			productType = "com.apple.product-type.bundle.unit-test";
		};
		A7A400C51D9CAE5D004D9E93 /* initialize和init的区别UITests */ = {
			isa = PBXNativeTarget;
			buildConfigurationList = A7A400D51D9CAE5D004D9E93 /* Build configuration list for PBXNativeTarget "initialize和init的区别UITests" */;
			buildPhases = (
				A7A400C21D9CAE5D004D9E93 /* Sources */,
				A7A400C31D9CAE5D004D9E93 /* Frameworks */,
				A7A400C41D9CAE5D004D9E93 /* Resources */,
			);
			buildRules = (
			);
			dependencies = (
				A7A400C81D9CAE5D004D9E93 /* PBXTargetDependency */,
			);
			name = "initialize和init的区别UITests";
			productName = "initialize和init的区别UITests";
			productReference = A7A400C61D9CAE5D004D9E93 /* initialize和init的区别UITests.xctest */;
			productType = "com.apple.product-type.bundle.ui-testing";
		};
/* End PBXNativeTarget section */

/* Begin PBXProject section */
		A7A400971D9CAE5D004D9E93 /* Project object */ = {
			isa = PBXProject;
			attributes = {
				LastUpgradeCheck = 0800;
				ORGANIZATIONNAME = yosemite;
				TargetAttributes = {
					A7A4009E1D9CAE5D004D9E93 = {
						CreatedOnToolsVersion = 8.0;
						DevelopmentTeam = JTLQTXD9SF;
						ProvisioningStyle = Automatic;
					};
					A7A400BA1D9CAE5D004D9E93 = {
						CreatedOnToolsVersion = 8.0;
						DevelopmentTeam = JTLQTXD9SF;
						ProvisioningStyle = Automatic;
						TestTargetID = A7A4009E1D9CAE5D004D9E93;
					};
					A7A400C51D9CAE5D004D9E93 = {
						CreatedOnToolsVersion = 8.0;
						DevelopmentTeam = JTLQTXD9SF;
						ProvisioningStyle = Automatic;
						TestTargetID = A7A4009E1D9CAE5D004D9E93;
					};
				};
			};
			buildConfigurationList = A7A4009A1D9CAE5D004D9E93 /* Build configuration list for PBXProject "initialize和init的区别" */;
			compatibilityVersion = "Xcode 3.2";
			developmentRegion = English;
			hasScannedForEncodings = 0;
			knownRegions = (
				en,
				Base,
			);
			mainGroup = A7A400961D9CAE5D004D9E93;
			productRefGroup = A7A400A01D9CAE5D004D9E93 /* Products */;
			projectDirPath = "";
			projectRoot = "";
			targets = (
				A7A4009E1D9CAE5D004D9E93 /* initialize和init的区别 */,
				A7A400BA1D9CAE5D004D9E93 /* initialize和init的区别Tests */,
				A7A400C51D9CAE5D004D9E93 /* initialize和init的区别UITests */,
			);
		};
/* End PBXProject section */

/* Begin PBXResourcesBuildPhase section */
		A7A4009D1D9CAE5D004D9E93 /* Resources */ = {
			isa = PBXResourcesBuildPhase;
			buildActionMask = 2147483647;
			files = (
				A7A400B51D9CAE5D004D9E93 /* LaunchScreen.storyboard in Resources */,
				A7A400B21D9CAE5D004D9E93 /* Assets.xcassets in Resources */,
				A7A400AD1D9CAE5D004D9E93 /* Main.storyboard in Resources */,
			);
			runOnlyForDeploymentPostprocessing = 0;
		};
		A7A400B91D9CAE5D004D9E93 /* Resources */ = {
			isa = PBXResourcesBuildPhase;
			buildActionMask = 2147483647;
			files = (
			);
			runOnlyForDeploymentPostprocessing = 0;
		};
		A7A400C41D9CAE5D004D9E93 /* Resources */ = {
			isa = PBXResourcesBuildPhase;
			buildActionMask = 2147483647;
			files = (
			);
			runOnlyForDeploymentPostprocessing = 0;
		};
/* End PBXResourcesBuildPhase section */

/* Begin PBXSourcesBuildPhase section */
		A7A4009B1D9CAE5D004D9E93 /* Sources */ = {
			isa = PBXSourcesBuildPhase;
			buildActionMask = 2147483647;
			files = (
				A7A400DD1D9CAFD6004D9E93 /* Son.m in Sources */,
				A7A400AA1D9CAE5D004D9E93 /* ViewController.m in Sources */,
				A7A400B01D9CAE5D004D9E93 /* initialize_init___.xcdatamodeld in Sources */,
				A7A400A71D9CAE5D004D9E93 /* AppDelegate.m in Sources */,
				A7A400A41D9CAE5D004D9E93 /* main.m in Sources */,
				A7A400DA1D9CAE88004D9E93 /* Father.m in Sources */,
			);
			runOnlyForDeploymentPostprocessing = 0;
		};
		A7A400B71D9CAE5D004D9E93 /* Sources */ = {
			isa = PBXSourcesBuildPhase;
			buildActionMask = 2147483647;
			files = (
				A7A400C01D9CAE5D004D9E93 /* initialize_init___Tests.m in Sources */,
			);
			runOnlyForDeploymentPostprocessing = 0;
		};
		A7A400C21D9CAE5D004D9E93 /* Sources */ = {
			isa = PBXSourcesBuildPhase;
			buildActionMask = 2147483647;
			files = (
				A7A400CB1D9CAE5D004D9E93 /* initialize_init___UITests.m in Sources */,
			);
			runOnlyForDeploymentPostprocessing = 0;
		};
/* End PBXSourcesBuildPhase section */

/* Begin PBXTargetDependency section */
		A7A400BD1D9CAE5D004D9E93 /* PBXTargetDependency */ = {
			isa = PBXTargetDependency;
			target = A7A4009E1D9CAE5D004D9E93 /* initialize和init的区别 */;
			targetProxy = A7A400BC1D9CAE5D004D9E93 /* PBXContainerItemProxy */;
		};
		A7A400C81D9CAE5D004D9E93 /* PBXTargetDependency */ = {
			isa = PBXTargetDependency;
			target = A7A4009E1D9CAE5D004D9E93 /* initialize和init的区别 */;
			targetProxy = A7A400C71D9CAE5D004D9E93 /* PBXContainerItemProxy */;
		};
/* End PBXTargetDependency section */

/* Begin PBXVariantGroup section */
		A7A400AB1D9CAE5D004D9E93 /* Main.storyboard */ = {
			isa = PBXVariantGroup;
			children = (
				A7A400AC1D9CAE5D004D9E93 /* Base */,
			);
			name = Main.storyboard;
			sourceTree = "<group>";
		};
		A7A400B31D9CAE5D004D9E93 /* LaunchScreen.storyboard */ = {
			isa = PBXVariantGroup;
			children = (
				A7A400B41D9CAE5D004D9E93 /* Base */,
			);
			name = LaunchScreen.storyboard;
			sourceTree = "<group>";
		};
/* End PBXVariantGroup section */

/* Begin XCBuildConfiguration section */
		A7A400CD1D9CAE5D004D9E93 /* Debug */ = {
			isa = XCBuildConfiguration;
			buildSettings = {
				ALWAYS_SEARCH_USER_PATHS = NO;
				CLANG_ANALYZER_NONNULL = YES;
				CLANG_CXX_LANGUAGE_STANDARD = "gnu++0x";
				CLANG_CXX_LIBRARY = "libc++";
				CLANG_ENABLE_MODULES = YES;
				CLANG_ENABLE_OBJC_ARC = YES;
				CLANG_WARN_BOOL_CONVERSION = YES;
				CLANG_WARN_CONSTANT_CONVERSION = YES;
				CLANG_WARN_DIRECT_OBJC_ISA_USAGE = YES_ERROR;
				CLANG_WARN_DOCUMENTATION_COMMENTS = YES;
				CLANG_WARN_EMPTY_BODY = YES;
				CLANG_WARN_ENUM_CONVERSION = YES;
				CLANG_WARN_INFINITE_RECURSION = YES;
				CLANG_WARN_INT_CONVERSION = YES;
				CLANG_WARN_OBJC_ROOT_CLASS = YES_ERROR;
				CLANG_WARN_SUSPICIOUS_MOVES = YES;
				CLANG_WARN_UNREACHABLE_CODE = YES;
				CLANG_WARN__DUPLICATE_METHOD_MATCH = YES;
				"CODE_SIGN_IDENTITY[sdk=iphoneos*]" = "iPhone Developer";
				COPY_PHASE_STRIP = NO;
				DEBUG_INFORMATION_FORMAT = dwarf;
				ENABLE_STRICT_OBJC_MSGSEND = YES;
				ENABLE_TESTABILITY = YES;
				GCC_C_LANGUAGE_STANDARD = gnu99;
				GCC_DYNAMIC_NO_PIC = NO;
				GCC_NO_COMMON_BLOCKS = YES;
				GCC_OPTIMIZATION_LEVEL = 0;
				GCC_PREPROCESSOR_DEFINITIONS = (
					"DEBUG=1",
					"$(inherited)",
				);
				GCC_WARN_64_TO_32_BIT_CONVERSION = YES;
				GCC_WARN_ABOUT_RETURN_TYPE = YES_ERROR;
				GCC_WARN_UNDECLARED_SELECTOR = YES;
				GCC_WARN_UNINITIALIZED_AUTOS = YES_AGGRESSIVE;
				GCC_WARN_UNUSED_FUNCTION = YES;
				GCC_WARN_UNUSED_VARIABLE = YES;
				IPHONEOS_DEPLOYMENT_TARGET = 10.0;
				MTL_ENABLE_DEBUG_INFO = YES;
				ONLY_ACTIVE_ARCH = YES;
				SDKROOT = iphoneos;
				TARGETED_DEVICE_FAMILY = "1,2";
			};
			name = Debug;
		};
		A7A400CE1D9CAE5D004D9E93 /* Release */ = {
			isa = XCBuildConfiguration;
			buildSettings = {
				ALWAYS_SEARCH_USER_PATHS = NO;
				CLANG_ANALYZER_NONNULL = YES;
				CLANG_CXX_LANGUAGE_STANDARD = "gnu++0x";
				CLANG_CXX_LIBRARY = "libc++";
				CLANG_ENABLE_MODULES = YES;
				CLANG_ENABLE_OBJC_ARC = YES;
				CLANG_WARN_BOOL_CONVERSION = YES;
				CLANG_WARN_CONSTANT_CONVERSION = YES;
				CLANG_WARN_DIRECT_OBJC_ISA_USAGE = YES_ERROR;
				CLANG_WARN_DOCUMENTATION_COMMENTS = YES;
				CLANG_WARN_EMPTY_BODY = YES;
				CLANG_WARN_ENUM_CONVERSION = YES;
				CLANG_WARN_INFINITE_RECURSION = YES;
				CLANG_WARN_INT_CONVERSION = YES;
				CLANG_WARN_OBJC_ROOT_CLASS = YES_ERROR;
				CLANG_WARN_SUSPICIOUS_MOVES = YES;
				CLANG_WARN_UNREACHABLE_CODE = YES;
				CLANG_WARN__DUPLICATE_METHOD_MATCH = YES;
				"CODE_SIGN_IDENTITY[sdk=iphoneos*]" = "iPhone Developer";
				COPY_PHASE_STRIP = NO;
				DEBUG_INFORMATION_FORMAT = "dwarf-with-dsym";
				ENABLE_NS_ASSERTIONS = NO;
				ENABLE_STRICT_OBJC_MSGSEND = YES;
				GCC_C_LANGUAGE_STANDARD = gnu99;
				GCC_NO_COMMON_BLOCKS = YES;
				GCC_WARN_64_TO_32_BIT_CONVERSION = YES;
				GCC_WARN_ABOUT_RETURN_TYPE = YES_ERROR;
				GCC_WARN_UNDECLARED_SELECTOR = YES;
				GCC_WARN_UNINITIALIZED_AUTOS = YES_AGGRESSIVE;
				GCC_WARN_UNUSED_FUNCTION = YES;
				GCC_WARN_UNUSED_VARIABLE = YES;
				IPHONEOS_DEPLOYMENT_TARGET = 10.0;
				MTL_ENABLE_DEBUG_INFO = NO;
				SDKROOT = iphoneos;
				TARGETED_DEVICE_FAMILY = "1,2";
				VALIDATE_PRODUCT = YES;
			};
			name = Release;
		};
		A7A400D01D9CAE5D004D9E93 /* Debug */ = {
			isa = XCBuildConfiguration;
			buildSettings = {
				ASSETCATALOG_COMPILER_APPICON_NAME = AppIcon;
				DEVELOPMENT_TEAM = JTLQTXD9SF;
				INFOPLIST_FILE = "initialize和init的区别/Info.plist";
				LD_RUNPATH_SEARCH_PATHS = "$(inherited) @executable_path/Frameworks";
				PRODUCT_BUNDLE_IDENTIFIER = "inentifier.organization.initialize-init---";
				PRODUCT_NAME = "$(TARGET_NAME)";
			};
			name = Debug;
		};
		A7A400D11D9CAE5D004D9E93 /* Release */ = {
			isa = XCBuildConfiguration;
			buildSettings = {
				ASSETCATALOG_COMPILER_APPICON_NAME = AppIcon;
				DEVELOPMENT_TEAM = JTLQTXD9SF;
				INFOPLIST_FILE = "initialize和init的区别/Info.plist";
				LD_RUNPATH_SEARCH_PATHS = "$(inherited) @executable_path/Frameworks";
				PRODUCT_BUNDLE_IDENTIFIER = "inentifier.organization.initialize-init---";
				PRODUCT_NAME = "$(TARGET_NAME)";
			};
			name = Release;
		};
		A7A400D31D9CAE5D004D9E93 /* Debug */ = {
			isa = XCBuildConfiguration;
			buildSettings = {
				BUNDLE_LOADER = "$(TEST_HOST)";
				DEVELOPMENT_TEAM = JTLQTXD9SF;
				INFOPLIST_FILE = "initialize和init的区别Tests/Info.plist";
				LD_RUNPATH_SEARCH_PATHS = "$(inherited) @executable_path/Frameworks @loader_path/Frameworks";
				PRODUCT_BUNDLE_IDENTIFIER = "inentifier.organization.initialize-init---Tests";
				PRODUCT_NAME = "$(TARGET_NAME)";
				TEST_HOST = "$(BUILT_PRODUCTS_DIR)/initialize和init的区别.app/initialize和init的区别";
			};
			name = Debug;
		};
		A7A400D41D9CAE5D004D9E93 /* Release */ = {
			isa = XCBuildConfiguration;
			buildSettings = {
				BUNDLE_LOADER = "$(TEST_HOST)";
				DEVELOPMENT_TEAM = JTLQTXD9SF;
				INFOPLIST_FILE = "initialize和init的区别Tests/Info.plist";
				LD_RUNPATH_SEARCH_PATHS = "$(inherited) @executable_path/Frameworks @loader_path/Frameworks";
				PRODUCT_BUNDLE_IDENTIFIER = "inentifier.organization.initialize-init---Tests";
				PRODUCT_NAME = "$(TARGET_NAME)";
				TEST_HOST = "$(BUILT_PRODUCTS_DIR)/initialize和init的区别.app/initialize和init的区别";
			};
			name = Release;
		};
		A7A400D61D9CAE5D004D9E93 /* Debug */ = {
			isa = XCBuildConfiguration;
			buildSettings = {
				DEVELOPMENT_TEAM = JTLQTXD9SF;
				INFOPLIST_FILE = "initialize和init的区别UITests/Info.plist";
				LD_RUNPATH_SEARCH_PATHS = "$(inherited) @executable_path/Frameworks @loader_path/Frameworks";
				PRODUCT_BUNDLE_IDENTIFIER = "inentifier.organization.initialize-init---UITests";
				PRODUCT_NAME = "$(TARGET_NAME)";
				TEST_TARGET_NAME = "initialize和init的区别";
			};
			name = Debug;
		};
		A7A400D71D9CAE5D004D9E93 /* Release */ = {
			isa = XCBuildConfiguration;
			buildSettings = {
				DEVELOPMENT_TEAM = JTLQTXD9SF;
				INFOPLIST_FILE = "initialize和init的区别UITests/Info.plist";
				LD_RUNPATH_SEARCH_PATHS = "$(inherited) @executable_path/Frameworks @loader_path/Frameworks";
				PRODUCT_BUNDLE_IDENTIFIER = "inentifier.organization.initialize-init---UITests";
				PRODUCT_NAME = "$(TARGET_NAME)";
				TEST_TARGET_NAME = "initialize和init的区别";
			};
			name = Release;
		};
/* End XCBuildConfiguration section */

/* Begin XCConfigurationList section */
		A7A4009A1D9CAE5D004D9E93 /* Build configuration list for PBXProject "initialize和init的区别" */ = {
			isa = XCConfigurationList;
			buildConfigurations = (
				A7A400CD1D9CAE5D004D9E93 /* Debug */,
				A7A400CE1D9CAE5D004D9E93 /* Release */,
			);
			defaultConfigurationIsVisible = 0;
			defaultConfigurationName = Release;
		};
		A7A400CF1D9CAE5D004D9E93 /* Build configuration list for PBXNativeTarget "initialize和init的区别" */ = {
			isa = XCConfigurationList;
			buildConfigurations = (
				A7A400D01D9CAE5D004D9E93 /* Debug */,
				A7A400D11D9CAE5D004D9E93 /* Release */,
			);
			defaultConfigurationIsVisible = 0;
		};
		A7A400D21D9CAE5D004D9E93 /* Build configuration list for PBXNativeTarget "initialize和init的区别Tests" */ = {
			isa = XCConfigurationList;
			buildConfigurations = (
				A7A400D31D9CAE5D004D9E93 /* Debug */,
				A7A400D41D9CAE5D004D9E93 /* Release */,
			);
			defaultConfigurationIsVisible = 0;
		};
		A7A400D51D9CAE5D004D9E93 /* Build configuration list for PBXNativeTarget "initialize和init的区别UITests" */ = {
			isa = XCConfigurationList;
			buildConfigurations = (
				A7A400D61D9CAE5D004D9E93 /* Debug */,
				A7A400D71D9CAE5D004D9E93 /* Release */,
			);
			defaultConfigurationIsVisible = 0;
		};
/* End XCConfigurationList section */

/* Begin XCVersionGroup section */
		A7A400AE1D9CAE5D004D9E93 /* initialize_init___.xcdatamodeld */ = {
			isa = XCVersionGroup;
			children = (
				A7A400AF1D9CAE5D004D9E93 /* initialize_init___.xcdatamodel */,
			);
			currentVersion = A7A400AF1D9CAE5D004D9E93 /* initialize_init___.xcdatamodel */;
			path = "initialize_init___.xcdatamodeld";
			sourceTree = "<group>";
			versionGroupType = wrapper.xcdatamodel;
		};
/* End XCVersionGroup section */
	};
	rootObject = A7A400971D9CAE5D004D9E93 /* Project object */;
}
